{
  "name": "static",
  "version": "1.0.0",
  "lockfileVersion": 1,
  "requires": true,
  "dependencies": {
    "@types/graphql": {
      "version": "0.11.7",
      "resolved": "https://registry.npmjs.org/@types/graphql/-/graphql-0.11.7.tgz",
      "integrity": "sha512-+6UMNcBeLR/G/yMIFXVA6XJhfDlPO7x6cb7ooiyN12Q6GE1l3KbupZoWBMV2Uw3F2q+i+IiaHx9rIKwLADw+7A=="
    },
    "@types/lodash": {
      "version": "4.14.106",
      "resolved": "https://registry.npmjs.org/@types/lodash/-/lodash-4.14.106.tgz",
      "integrity": "sha512-tOSvCVrvSqFZ4A/qrqqm6p37GZoawsZtoR0SJhlF7EonNZUgrn8FfT+RNQ11h+NUpMt6QVe36033f3qEKBwfWA=="
    },
    "argparse": {
      "version": "1.0.10",
      "resolved": "https://registry.npmjs.org/argparse/-/argparse-1.0.10.tgz",
      "integrity": "sha512-o5Roy6tNG4SL/FOkCAN6RzjiakZS25RLYFrcMttJqbdd8BWrnA+fGz57iN5Pb06pvBGvl5gQ0B48dJlslXvoTg==",
      "requires": {
        "sprintf-js": "1.0.3"
      }
    },
    "balanced-match": {
      "version": "1.0.0",
      "resolved": "https://registry.npmjs.org/balanced-match/-/balanced-match-1.0.0.tgz",
      "integrity": "sha1-ibTRmasr7kneFk6gK4nORi1xt2c="
    },
    "brace-expansion": {
      "version": "1.1.11",
      "resolved": "https://registry.npmjs.org/brace-expansion/-/brace-expansion-1.1.11.tgz",
      "integrity": "sha512-iCuPHDFgrHX7H2vEI/5xpz07zSHB00TpugqhmYtVmMO6518mCuRMoOYFldEBl0g187ufozdaHgWKcYFb61qGiA==",
      "requires": {
        "balanced-match": "1.0.0",
        "concat-map": "0.0.1"
      }
    },
    "codemirror": {
      "version": "5.36.0",
      "resolved": "https://registry.npmjs.org/codemirror/-/codemirror-5.36.0.tgz",
      "integrity": "sha512-XGR+ic+9DSMSE4mD2XLinGrMcIO4xbHpNrPzAFpCW5bjy+Em8fUOTCpagVP/+LLtTQsAROqrq1f55KyRxDcokA=="
    },
    "codemirror-graphql": {
      "version": "0.6.12",
      "resolved": "https://registry.npmjs.org/codemirror-graphql/-/codemirror-graphql-0.6.12.tgz",
      "integrity": "sha512-7YP956JubbWkmk9QqKy62CZgdGbEulHNJkz2/aUDTpsE1KrQtRrT9WzStJaxAOEX2k4wUOpojUX2ItPxa69kFA==",
      "requires": {
        "graphql-language-service-interface": "1.0.18",
        "graphql-language-service-parser": "0.1.14"
      }
    },
    "concat-map": {
      "version": "0.0.1",
      "resolved": "https://registry.npmjs.org/concat-map/-/concat-map-0.0.1.tgz",
      "integrity": "sha1-2Klr13/Wjfd5OnMDajug1UBdR3s="
    },
    "cross-fetch": {
      "version": "2.0.0",
      "resolved": "https://registry.npmjs.org/cross-fetch/-/cross-fetch-2.0.0.tgz",
      "integrity": "sha512-gnx0GnDyW73iDq6DpqceL8i4GGn55PPKDzNwZkopJ3mKPcfJ0BUIXBsnYfJBVw+jFDB+hzIp2ELNRdqoxN6M3w==",
      "requires": {
        "node-fetch": "2.0.0",
        "whatwg-fetch": "2.0.3"
      }
    },
    "entities": {
      "version": "1.1.1",
      "resolved": "https://registry.npmjs.org/entities/-/entities-1.1.1.tgz",
      "integrity": "sha1-blwtClYhtdra7O+AuQ7ftc13cvA="
    },
    "esprima": {
      "version": "4.0.0",
      "resolved": "https://registry.npmjs.org/esprima/-/esprima-4.0.0.tgz",
      "integrity": "sha512-oftTcaMu/EGrEIu904mWteKIv8vMuOgGYo7EhVJJN00R/EED9DCua/xxHRdYnKtcECzVg7xOWhflvJMnqcFZjw=="
    },
    "fs.realpath": {
      "version": "1.0.0",
      "resolved": "https://registry.npmjs.org/fs.realpath/-/fs.realpath-1.0.0.tgz",
      "integrity": "sha1-FQStJSMVjKpA20onh8sBQRmU6k8="
    },
    "glob": {
      "version": "7.1.2",
      "resolved": "https://registry.npmjs.org/glob/-/glob-7.1.2.tgz",
      "integrity": "sha512-MJTUg1kjuLeQCJ+ccE4Vpa6kKVXkPYJ2mOCQyUuKLcLQsdrMCpBPUi8qVE6+YuaJkozeA9NusTAw3hLr8Xe5EQ==",
      "requires": {
        "fs.realpath": "1.0.0",
        "inflight": "1.0.6",
        "inherits": "2.0.3",
        "minimatch": "3.0.4",
        "once": "1.4.0",
        "path-is-absolute": "1.0.1"
      }
    },
    "graphiql": {
      "version": "0.11.11",
      "resolved": "https://registry.npmjs.org/graphiql/-/graphiql-0.11.11.tgz",
      "integrity": "sha512-+r8qY2JRRs+uaZcrZOxpNhdlCZoS8yS5KQ6X53Twc8WecZ6VtAn+MVHroLOd4u9HVPxTXZ9RUd9+556EpTc0xA==",
      "requires": {
        "codemirror": "5.36.0",
        "codemirror-graphql": "0.6.12",
        "markdown-it": "8.4.1"
      }
    },
    "graphql": {
      "version": "0.12.3",
      "resolved": "https://registry.npmjs.org/graphql/-/graphql-0.12.3.tgz",
      "integrity": "sha512-Hn9rdu4zacplKXNrLCvR8YFiTGnbM4Zw/UH8FDmzBDsH7ou40lSNH4tIlsxcYnz2TGNVJCpu1WxCM23yd6kzhA==",
      "requires": {
        "iterall": "1.1.3"
      }
    },
    "graphql-config": {
      "version": "1.1.4",
      "resolved": "https://registry.npmjs.org/graphql-config/-/graphql-config-1.1.4.tgz",
      "integrity": "sha512-OwDrKrYc1h7HHhEVInQrKInl7/ZgfT4ftjjBJDahBiiHi/mEstnn0mVlSb7B06SF+PZt/FgkE3q+RX+rqavvWQ==",
      "requires": {
        "graphql": "0.12.3",
        "graphql-import": "0.1.9",
        "graphql-request": "1.5.1",
        "js-yaml": "3.11.0",
        "minimatch": "3.0.4",
        "rimraf": "2.6.2"
      }
    },
    "graphql-import": {
      "version": "0.1.9",
      "resolved": "https://registry.npmjs.org/graphql-import/-/graphql-import-0.1.9.tgz",
      "integrity": "sha512-syHe1DlzOQScChjU21J/dSAcOh7T2ikr/5QGw1TQCzLR96WQ+95Suitt7TjcT3NA1/uBq/hc70MgxvJrFWdWAg==",
      "requires": {
        "@types/graphql": "0.11.7",
        "@types/lodash": "4.14.106",
        "graphql": "0.12.3",
        "lodash": "4.17.5"
      }
    },
    "graphql-language-service-interface": {
      "version": "1.0.18",
      "resolved": "https://registry.npmjs.org/graphql-language-service-interface/-/graphql-language-service-interface-1.0.18.tgz",
      "integrity": "sha512-qXCCd6PUqogWcdkeK/CqP56RpNFZHjq3moIDpvRf/D3qjJGe7b8ryfagU3KEKuDbx72l4qDsw+dBfNd8QzDaYw==",
      "requires": {
        "graphql-config": "1.1.4",
        "graphql-language-service-parser": "1.0.18",
        "graphql-language-service-types": "1.0.18",
        "graphql-language-service-utils": "1.0.18"
      },
      "dependencies": {
        "graphql-language-service-parser": {
          "version": "1.0.18",
          "resolved": "https://registry.npmjs.org/graphql-language-service-parser/-/graphql-language-service-parser-1.0.18.tgz",
          "integrity": "sha512-ysaySmwF0kZX7nRVCCn4+U66JXF90wvEbhCZa0tHWvB98P8yNsLut91Kr7jdnuAZZOddFU+fRdNqcZavTOszGQ==",
          "requires": {
            "graphql-config": "1.1.4",
            "graphql-language-service-types": "1.0.18"
          }
        }
      }
    },
    "graphql-language-service-parser": {
      "version": "0.1.14",
      "resolved": "https://registry.npmjs.org/graphql-language-service-parser/-/graphql-language-service-parser-0.1.14.tgz",
      "integrity": "sha512-72M4OksONeqT5slfdfODmlPBFlUQQkcnRhjgmPt9H2n8/DUcf4XzDkGXudBWpzNfjVU35+IADYW6x13wKw/fOg==",
      "requires": {
        "graphql-language-service-types": "0.1.14"
      },
      "dependencies": {
        "graphql-language-service-types": {
          "version": "0.1.14",
          "resolved": "https://registry.npmjs.org/graphql-language-service-types/-/graphql-language-service-types-0.1.14.tgz",
          "integrity": "sha512-77KP83gvK0gWswvGY/+jx/GpsOfKuwWQ1AYnyPT2GDGG3//1QxQTObaZMAEevNTxJtO8T26YXxoUlqkvET7iEg=="
        }
      }
    },
    "graphql-language-service-types": {
      "version": "1.0.18",
      "resolved": "https://registry.npmjs.org/graphql-language-service-types/-/graphql-language-service-types-1.0.18.tgz",
      "integrity": "sha512-nZpTP6S5uSBSCsxW4BJ4/x04vNf5tKddUSC0YiXjgu7Hx+EeG8IHuP4QtB2gIWIZ0dYt7mtb7HrzNwlCcmsAvw==",
      "requires": {
        "graphql-config": "1.1.4"
      }
    },
    "graphql-language-service-utils": {
      "version": "1.0.18",
      "resolved": "https://registry.npmjs.org/graphql-language-service-utils/-/graphql-language-service-utils-1.0.18.tgz",
      "integrity": "sha512-Ip36GIhS1sZCJrB+ScWQbYG8sdWevv7n65BMkMdJZxiVAYLoKEvTwppehBwwBpRAUS/OBDAM9UPav4UE4IeVBQ==",
      "requires": {
        "graphql-config": "1.1.4",
        "graphql-language-service-types": "1.0.18"
      }
    },
    "graphql-request": {
      "version": "1.5.1",
      "resolved": "https://registry.npmjs.org/graphql-request/-/graphql-request-1.5.1.tgz",
      "integrity": "sha512-p1f1q+D+5k1PMxsaZszestYW1BAEKjygliqTAhJI5nueRe74WRmwNQWAdrRBoCFRIpM0SZer98cbJF4PZHXaqg==",
      "requires": {
        "cross-fetch": "2.0.0"
      }
    },
    "inflight": {
      "version": "1.0.6",
      "resolved": "https://registry.npmjs.org/inflight/-/inflight-1.0.6.tgz",
      "integrity": "sha1-Sb1jMdfQLQwJvJEKEHW6gWW1bfk=",
      "requires": {
        "once": "1.4.0",
        "wrappy": "1.0.2"
      }
    },
    "inherits": {
      "version": "2.0.3",
      "resolved": "https://registry.npmjs.org/inherits/-/inherits-2.0.3.tgz",
      "integrity": "sha1-Yzwsg+PaQqUC9SRmAiSA9CCCYd4="
    },
    "iterall": {
      "version": "1.1.3",
      "resolved": "https://registry.npmjs.org/iterall/-/iterall-1.1.3.tgz",
      "integrity": "sha512-Cu/kb+4HiNSejAPhSaN1VukdNTTi/r4/e+yykqjlG/IW+1gZH5b4+Bq3whDX4tvbYugta3r8KTMUiqT3fIGxuQ=="
    },
    "js-yaml": {
      "version": "3.11.0",
      "resolved": "https://registry.npmjs.org/js-yaml/-/js-yaml-3.11.0.tgz",
      "integrity": "sha512-saJstZWv7oNeOyBh3+Dx1qWzhW0+e6/8eDzo7p5rDFqxntSztloLtuKu+Ejhtq82jsilwOIZYsCz+lIjthg1Hw==",
      "requires": {
        "argparse": "1.0.10",
        "esprima": "4.0.0"
      }
    },
    "linkify-it": {
      "version": "2.0.3",
      "resolved": "https://registry.npmjs.org/linkify-it/-/linkify-it-2.0.3.tgz",
      "integrity": "sha1-2UpGSPmxwXnWT6lykSaL22zpQ08=",
      "requires": {
        "uc.micro": "1.0.5"
      }
    },
    "lodash": {
      "version": "4.17.5",
      "resolved": "https://registry.npmjs.org/lodash/-/lodash-4.17.5.tgz",
      "integrity": "sha512-svL3uiZf1RwhH+cWrfZn3A4+U58wbP0tGVTLQPbjplZxZ8ROD9VLuNgsRniTlLe7OlSqR79RUehXgpBW/s0IQw=="
    },
    "markdown-it": {
      "version": "8.4.1",
      "resolved": "https://registry.npmjs.org/markdown-it/-/markdown-it-8.4.1.tgz",
      "integrity": "sha512-CzzqSSNkFRUf9vlWvhK1awpJreMRqdCrBvZ8DIoDWTOkESMIF741UPAhuAmbyWmdiFPA6WARNhnu2M6Nrhwa+A==",
      "requires": {
        "argparse": "1.0.10",
        "entities": "1.1.1",
        "linkify-it": "2.0.3",
        "mdurl": "1.0.1",
        "uc.micro": "1.0.5"
      }
    },
    "mdurl": {
      "version": "1.0.1",
      "resolved": "https://registry.npmjs.org/mdurl/-/mdurl-1.0.1.tgz",
      "integrity": "sha1-/oWy7HWlkDfyrf7BAP1sYBdhFS4="
    },
    "minimatch": {
      "version": "3.0.4",
      "resolved": "https://registry.npmjs.org/minimatch/-/minimatch-3.0.4.tgz",
      "integrity": "sha512-yJHVQEhyqPLUTgt9B83PXu6W3rx4MvvHvSUvToogpwoGDOUQ+yDrR0HRot+yOCdCO7u4hX3pWft6kWBBcqh0UA==",
      "requires": {
        "brace-expansion": "1.1.11"
      }
    },
    "node-fetch": {
      "version": "2.0.0",
      "resolved": "https://registry.npmjs.org/node-fetch/-/node-fetch-2.0.0.tgz",
      "integrity": "sha1-mCu6Q+zU8pIqKcwYamu7C7c/y6Y="
    },
    "once": {
      "version": "1.4.0",
      "resolved": "https://registry.npmjs.org/once/-/once-1.4.0.tgz",
      "integrity": "sha1-WDsap3WWHUsROsF9nFC6753Xa9E=",
      "requires": {
        "wrappy": "1.0.2"
      }
    },
    "path-is-absolute": {
      "version": "1.0.1",
      "resolved": "https://registry.npmjs.org/path-is-absolute/-/path-is-absolute-1.0.1.tgz",
      "integrity": "sha1-F0uSaHNVNP+8es5r9TpanhtcX18="
    },
    "rimraf": {
      "version": "2.6.2",
      "resolved": "https://registry.npmjs.org/rimraf/-/rimraf-2.6.2.tgz",
      "integrity": "sha512-lreewLK/BlghmxtfH36YYVg1i8IAce4TI7oao75I1g245+6BctqTVQiBP3YUJ9C6DQOXJmkYR9X9fCLtCOJc5w==",
      "requires": {
        "glob": "7.1.2"
      }
    },
    "sprintf-js": {
      "version": "1.0.3",
      "resolved": "https://registry.npmjs.org/sprintf-js/-/sprintf-js-1.0.3.tgz",
      "integrity": "sha1-BOaSb2YolTVPPdAVIDYzuFcpfiw="
    },
    "uc.micro": {
      "version": "1.0.5",
      "resolved": "https://registry.npmjs.org/uc.micro/-/uc.micro-1.0.5.tgz",
      "integrity": "sha512-JoLI4g5zv5qNyT09f4YAvEZIIV1oOjqnewYg5D38dkQljIzpPT296dbIGvKro3digYI1bkb7W6EP1y4uDlmzLg=="
    },
    "whatwg-fetch": {
      "version": "2.0.3",
      "resolved": "https://registry.npmjs.org/whatwg-fetch/-/whatwg-fetch-2.0.3.tgz",
      "integrity": "sha1-nITsLc9oGH/wC8ZOEnS0QhduHIQ="
    },
    "wrappy": {
      "version": "1.0.2",
      "resolved": "https://registry.npmjs.org/wrappy/-/wrappy-1.0.2.tgz",
      "integrity": "sha1-tSQ9jz7BqjXxNkYFvA0QNuMKtp8="
    }
  }
}
